
Microsoft Visual Studio Solution File, Format Version 12.00
# Visual Studio Version 16
VisualStudioVersion = 16.0.31402.337
MinimumVisualStudioVersion = 10.0.40219.1
Project("{FAE04EC0-301F-11D3-BF4B-00C04F79EFBC}") = "ClassLibrary1", "ClassLibrary1\ClassLibrary1.csproj", "{536FDF9B-3C83-454D-AA4C-F69CC2FD674F}"
EndProject
Global
	GlobalSection(SolutionConfigurationPlatforms) = preSolution
		Debug|Any CPU = Debug|Any CPU
		Release|Any CPU = Release|Any CPU
	EndGlobalSection
	GlobalSection(ProjectConfigurationPlatforms) = postSolution
		{536FDF9B-3C83-454D-AA4C-F69CC2FD674F}.Debug|Any CPU.ActiveCfg = Debug|Any CPU
		{536FDF9B-3C83-454D-AA4C-F69CC2FD674F}.Debug|Any CPU.Build.0 = Debug|Any CPU
		{536FDF9B-3C83-454D-AA4C-F69CC2FD674F}.Release|Any CPU.ActiveCfg = Release|Any CPU
		{536FDF9B-3C83-454D-AA4C-F69CC2FD674F}.Release|Any CPU.Build.0 = Release|Any CPU
	EndGlobalSection
	GlobalSection(SolutionProperties) = preSolution
		HideSolutionNode = FALSE
	EndGlobalSection
	GlobalSection(ExtensibilityGlobals) = postSolution
		SolutionGuid = {DC658179-4ACC-48B5-82FF-40EDDFE711EF}
	EndGlobalSection
EndGlobal
